
Microsoft Visual Studio Solution File, Format Version 12.00
# Visual Studio Version 17
VisualStudioVersion = 17.0.31903.59
MinimumVisualStudioVersion = 10.0.40219.1
Project("{2150E333-8FDC-42A3-9474-1A3956D46DE8}") = "src", "src", "{827E0CD3-B72D-47B6-A68D-7590B98EB39B}"
EndProject
Project("{FAE04EC0-301F-11D3-BF4B-00C04F79EFBC}") = "Innovayse.Docs.Domain", "src\Innovayse.Docs.Domain\Innovayse.Docs.Domain.csproj", "{6940BD87-5EAF-43FB-ADEC-C2C2703C6E4C}"
EndProject
Project("{FAE04EC0-301F-11D3-BF4B-00C04F79EFBC}") = "Innovayse.Docs.Application", "src\Innovayse.Docs.Application\Innovayse.Docs.Application.csproj", "{169A6ADB-A714-4BE8-80EB-72EA7CEB2754}"
EndProject
Project("{FAE04EC0-301F-11D3-BF4B-00C04F79EFBC}") = "Innovayse.Docs.Infrastructure", "src\Innovayse.Docs.Infrastructure\Innovayse.Docs.Infrastructure.csproj", "{3B373CB3-6DB9-4ED3-8A63-F80FAF2AF45B}"
EndProject
Project("{FAE04EC0-301F-11D3-BF4B-00C04F79EFBC}") = "Innovayse.Docs.API", "src\Innovayse.Docs.API\Innovayse.Docs.API.csproj", "{4A78217F-C2BB-4804-8B1E-32E08385D120}"
EndProject
Project("{FAE04EC0-301F-11D3-BF4B-00C04F79EFBC}") = "Innovayse.Docs.Application.Tests", "tests\Innovayse.Docs.Application.Tests\Innovayse.Docs.Application.Tests.csproj", "{F941F4C2-8E84-4A33-B187-AB9238B2A3F0}"
EndProject
Global
	GlobalSection(SolutionConfigurationPlatforms) = preSolution
		Debug|Any CPU = Debug|Any CPU
		Debug|x64 = Debug|x64
		Debug|x86 = Debug|x86
		Release|Any CPU = Release|Any CPU
		Release|x64 = Release|x64
		Release|x86 = Release|x86
	EndGlobalSection
	GlobalSection(ProjectConfigurationPlatforms) = postSolution
		{6940BD87-5EAF-43FB-ADEC-C2C2703C6E4C}.Debug|Any CPU.ActiveCfg = Debug|Any CPU
		{6940BD87-5EAF-43FB-ADEC-C2C2703C6E4C}.Debug|Any CPU.Build.0 = Debug|Any CPU
		{6940BD87-5EAF-43FB-ADEC-C2C2703C6E4C}.Debug|x64.ActiveCfg = Debug|Any CPU
		{6940BD87-5EAF-43FB-ADEC-C2C2703C6E4C}.Debug|x64.Build.0 = Debug|Any CPU
		{6940BD87-5EAF-43FB-ADEC-C2C2703C6E4C}.Debug|x86.ActiveCfg = Debug|Any CPU
		{6940BD87-5EAF-43FB-ADEC-C2C2703C6E4C}.Debug|x86.Build.0 = Debug|Any CPU
		{6940BD87-5EAF-43FB-ADEC-C2C2703C6E4C}.Release|Any CPU.ActiveCfg = Release|Any CPU
		{6940BD87-5EAF-43FB-ADEC-C2C2703C6E4C}.Release|Any CPU.Build.0 = Release|Any CPU
		{6940BD87-5EAF-43FB-ADEC-C2C2703C6E4C}.Release|x64.ActiveCfg = Release|Any CPU
		{6940BD87-5EAF-43FB-ADEC-C2C2703C6E4C}.Release|x64.Build.0 = Release|Any CPU
		{6940BD87-5EAF-43FB-ADEC-C2C2703C6E4C}.Release|x86.ActiveCfg = Release|Any CPU
		{6940BD87-5EAF-43FB-ADEC-C2C2703C6E4C}.Release|x86.Build.0 = Release|Any CPU
		{169A6ADB-A714-4BE8-80EB-72EA7CEB2754}.Debug|Any CPU.ActiveCfg = Debug|Any CPU
		{169A6ADB-A714-4BE8-80EB-72EA7CEB2754}.Debug|Any CPU.Build.0 = Debug|Any CPU
		{169A6ADB-A714-4BE8-80EB-72EA7CEB2754}.Debug|x64.ActiveCfg = Debug|Any CPU
		{169A6ADB-A714-4BE8-80EB-72EA7CEB2754}.Debug|x64.Build.0 = Debug|Any CPU
		{169A6ADB-A714-4BE8-80EB-72EA7CEB2754}.Debug|x86.ActiveCfg = Debug|Any CPU
		{169A6ADB-A714-4BE8-80EB-72EA7CEB2754}.Debug|x86.Build.0 = Debug|Any CPU
		{169A6ADB-A714-4BE8-80EB-72EA7CEB2754}.Release|Any CPU.ActiveCfg = Release|Any CPU
		{169A6ADB-A714-4BE8-80EB-72EA7CEB2754}.Release|Any CPU.Build.0 = Release|Any CPU
		{169A6ADB-A714-4BE8-80EB-72EA7CEB2754}.Release|x64.ActiveCfg = Release|Any CPU
		{169A6ADB-A714-4BE8-80EB-72EA7CEB2754}.Release|x64.Build.0 = Release|Any CPU
		{169A6ADB-A714-4BE8-80EB-72EA7CEB2754}.Release|x86.ActiveCfg = Release|Any CPU
		{169A6ADB-A714-4BE8-80EB-72EA7CEB2754}.Release|x86.Build.0 = Release|Any CPU
		{3B373CB3-6DB9-4ED3-8A63-F80FAF2AF45B}.Debug|Any CPU.ActiveCfg = Debug|Any CPU
		{3B373CB3-6DB9-4ED3-8A63-F80FAF2AF45B}.Debug|Any CPU.Build.0 = Debug|Any CPU
		{3B373CB3-6DB9-4ED3-8A63-F80FAF2AF45B}.Debug|x64.ActiveCfg = Debug|Any CPU
		{3B373CB3-6DB9-4ED3-8A63-F80FAF2AF45B}.Debug|x64.Build.0 = Debug|Any CPU
		{3B373CB3-6DB9-4ED3-8A63-F80FAF2AF45B}.Debug|x86.ActiveCfg = Debug|Any CPU
		{3B373CB3-6DB9-4ED3-8A63-F80FAF2AF45B}.Debug|x86.Build.0 = Debug|Any CPU
		{3B373CB3-6DB9-4ED3-8A63-F80FAF2AF45B}.Release|Any CPU.ActiveCfg = Release|Any CPU
		{3B373CB3-6DB9-4ED3-8A63-F80FAF2AF45B}.Release|Any CPU.Build.0 = Release|Any CPU
		{3B373CB3-6DB9-4ED3-8A63-F80FAF2AF45B}.Release|x64.ActiveCfg = Release|Any CPU
		{3B373CB3-6DB9-4ED3-8A63-F80FAF2AF45B}.Release|x64.Build.0 = Release|Any CPU
		{3B373CB3-6DB9-4ED3-8A63-F80FAF2AF45B}.Release|x86.ActiveCfg = Release|Any CPU
		{3B373CB3-6DB9-4ED3-8A63-F80FAF2AF45B}.Release|x86.Build.0 = Release|Any CPU
		{4A78217F-C2BB-4804-8B1E-32E08385D120}.Debug|Any CPU.ActiveCfg = Debug|Any CPU
		{4A78217F-C2BB-4804-8B1E-32E08385D120}.Debug|Any CPU.Build.0 = Debug|Any CPU
		{4A78217F-C2BB-4804-8B1E-32E08385D120}.Debug|x64.ActiveCfg = Debug|Any CPU
		{4A78217F-C2BB-4804-8B1E-32E08385D120}.Debug|x64.Build.0 = Debug|Any CPU
		{4A78217F-C2BB-4804-8B1E-32E08385D120}.Debug|x86.ActiveCfg = Debug|Any CPU
		{4A78217F-C2BB-4804-8B1E-32E08385D120}.Debug|x86.Build.0 = Debug|Any CPU
		{4A78217F-C2BB-4804-8B1E-32E08385D120}.Release|Any CPU.ActiveCfg = Release|Any CPU
		{4A78217F-C2BB-4804-8B1E-32E08385D120}.Release|Any CPU.Build.0 = Release|Any CPU
		{4A78217F-C2BB-4804-8B1E-32E08385D120}.Release|x64.ActiveCfg = Release|Any CPU
		{4A78217F-C2BB-4804-8B1E-32E08385D120}.Release|x64.Build.0 = Release|Any CPU
		{4A78217F-C2BB-4804-8B1E-32E08385D120}.Release|x86.ActiveCfg = Release|Any CPU
		{4A78217F-C2BB-4804-8B1E-32E08385D120}.Release|x86.Build.0 = Release|Any CPU
		{F941F4C2-8E84-4A33-B187-AB9238B2A3F0}.Debug|Any CPU.ActiveCfg = Debug|Any CPU
		{F941F4C2-8E84-4A33-B187-AB9238B2A3F0}.Debug|Any CPU.Build.0 = Debug|Any CPU
		{F941F4C2-8E84-4A33-B187-AB9238B2A3F0}.Debug|x64.ActiveCfg = Debug|Any CPU
		{F941F4C2-8E84-4A33-B187-AB9238B2A3F0}.Debug|x64.Build.0 = Debug|Any CPU
		{F941F4C2-8E84-4A33-B187-AB9238B2A3F0}.Debug|x86.ActiveCfg = Debug|Any CPU
		{F941F4C2-8E84-4A33-B187-AB9238B2A3F0}.Debug|x86.Build.0 = Debug|Any CPU
		{F941F4C2-8E84-4A33-B187-AB9238B2A3F0}.Release|Any CPU.ActiveCfg = Release|Any CPU
		{F941F4C2-8E84-4A33-B187-AB9238B2A3F0}.Release|Any CPU.Build.0 = Release|Any CPU
		{F941F4C2-8E84-4A33-B187-AB9238B2A3F0}.Release|x64.ActiveCfg = Release|Any CPU
		{F941F4C2-8E84-4A33-B187-AB9238B2A3F0}.Release|x64.Build.0 = Release|Any CPU
		{F941F4C2-8E84-4A33-B187-AB9238B2A3F0}.Release|x86.ActiveCfg = Release|Any CPU
		{F941F4C2-8E84-4A33-B187-AB9238B2A3F0}.Release|x86.Build.0 = Release|Any CPU
	EndGlobalSection
	GlobalSection(SolutionProperties) = preSolution
		HideSolutionNode = FALSE
	EndGlobalSection
	GlobalSection(NestedProjects) = preSolution
		{6940BD87-5EAF-43FB-ADEC-C2C2703C6E4C} = {827E0CD3-B72D-47B6-A68D-7590B98EB39B}
		{169A6ADB-A714-4BE8-80EB-72EA7CEB2754} = {827E0CD3-B72D-47B6-A68D-7590B98EB39B}
		{3B373CB3-6DB9-4ED3-8A63-F80FAF2AF45B} = {827E0CD3-B72D-47B6-A68D-7590B98EB39B}
		{4A78217F-C2BB-4804-8B1E-32E08385D120} = {827E0CD3-B72D-47B6-A68D-7590B98EB39B}
		{F941F4C2-8E84-4A33-B187-AB9238B2A3F0} = {827E0CD3-B72D-47B6-A68D-7590B98EB39B}
	EndGlobalSection
EndGlobal
